
Microsoft Visual Studio Solution File, Format Version 12.00
# Visual Studio 15
VisualStudioVersion = 15.0.28307.168
MinimumVisualStudioVersion = 10.0.40219.1
Project("{9A19103F-16F7-4668-BE54-9A1E7A4F7556}") = "BSearch", "BSearch\BSearch.csproj", "{1503A36D-607E-4180-86C0-24AC846309FB}"
EndProject
Project("{9A19103F-16F7-4668-BE54-9A1E7A4F7556}") = "HannoTower", "HannoTower\HannoTower.csproj", "{31C7A3D0-6D63-4E55-8407-ECE00DE547CB}"
EndProject
Project("{2150E333-8FDC-42A3-9474-1A3956D46DE8}") = "分治法", "分治法", "{B3021161-64F3-4980-AE56-4F32C3B60924}"
EndProject
Project("{2150E333-8FDC-42A3-9474-1A3956D46DE8}") = "动态规划算法", "动态规划算法", "{D67B21E7-69B4-4BBA-AA3E-BDCA47B21B57}"
EndProject
Project("{9A19103F-16F7-4668-BE54-9A1E7A4F7556}") = "CalculationSteps", "CalculationSteps\CalculationSteps.csproj", "{7CF69584-62BC-4AE7-9CD6-A9A603AA4AD7}"
EndProject
Project("{9A19103F-16F7-4668-BE54-9A1E7A4F7556}") = "GetMinSteps", "GetMinSteps\GetMinSteps.csproj", "{B82B6253-D7F7-4F25-BE9A-CC12084832F7}"
EndProject
Project("{2150E333-8FDC-42A3-9474-1A3956D46DE8}") = "贪心算法", "贪心算法", "{543A29F7-FD98-444C-8DBB-2DBC6A2F56C4}"
EndProject
Project("{FAE04EC0-301F-11D3-BF4B-00C04F79EFBC}") = "CoinChange", "CoinChange\CoinChange.csproj", "{B361253B-C69D-4AFF-ACDA-4A53B2392F7B}"
EndProject
Project("{FAE04EC0-301F-11D3-BF4B-00C04F79EFBC}") = "PriceChange", "PriceChange\PriceChange.csproj", "{E72B7316-47D8-4B0A-A576-D5CDD1793416}"
EndProject
Global
	GlobalSection(SolutionConfigurationPlatforms) = preSolution
		Debug|Any CPU = Debug|Any CPU
		Release|Any CPU = Release|Any CPU
	EndGlobalSection
	GlobalSection(ProjectConfigurationPlatforms) = postSolution
		{1503A36D-607E-4180-86C0-24AC846309FB}.Debug|Any CPU.ActiveCfg = Debug|Any CPU
		{1503A36D-607E-4180-86C0-24AC846309FB}.Debug|Any CPU.Build.0 = Debug|Any CPU
		{1503A36D-607E-4180-86C0-24AC846309FB}.Release|Any CPU.ActiveCfg = Release|Any CPU
		{1503A36D-607E-4180-86C0-24AC846309FB}.Release|Any CPU.Build.0 = Release|Any CPU
		{31C7A3D0-6D63-4E55-8407-ECE00DE547CB}.Debug|Any CPU.ActiveCfg = Debug|Any CPU
		{31C7A3D0-6D63-4E55-8407-ECE00DE547CB}.Debug|Any CPU.Build.0 = Debug|Any CPU
		{31C7A3D0-6D63-4E55-8407-ECE00DE547CB}.Release|Any CPU.ActiveCfg = Release|Any CPU
		{31C7A3D0-6D63-4E55-8407-ECE00DE547CB}.Release|Any CPU.Build.0 = Release|Any CPU
		{7CF69584-62BC-4AE7-9CD6-A9A603AA4AD7}.Debug|Any CPU.ActiveCfg = Debug|Any CPU
		{7CF69584-62BC-4AE7-9CD6-A9A603AA4AD7}.Debug|Any CPU.Build.0 = Debug|Any CPU
		{7CF69584-62BC-4AE7-9CD6-A9A603AA4AD7}.Release|Any CPU.ActiveCfg = Release|Any CPU
		{7CF69584-62BC-4AE7-9CD6-A9A603AA4AD7}.Release|Any CPU.Build.0 = Release|Any CPU
		{B82B6253-D7F7-4F25-BE9A-CC12084832F7}.Debug|Any CPU.ActiveCfg = Debug|Any CPU
		{B82B6253-D7F7-4F25-BE9A-CC12084832F7}.Debug|Any CPU.Build.0 = Debug|Any CPU
		{B82B6253-D7F7-4F25-BE9A-CC12084832F7}.Release|Any CPU.ActiveCfg = Release|Any CPU
		{B82B6253-D7F7-4F25-BE9A-CC12084832F7}.Release|Any CPU.Build.0 = Release|Any CPU
		{B361253B-C69D-4AFF-ACDA-4A53B2392F7B}.Debug|Any CPU.ActiveCfg = Debug|Any CPU
		{B361253B-C69D-4AFF-ACDA-4A53B2392F7B}.Debug|Any CPU.Build.0 = Debug|Any CPU
		{B361253B-C69D-4AFF-ACDA-4A53B2392F7B}.Release|Any CPU.ActiveCfg = Release|Any CPU
		{B361253B-C69D-4AFF-ACDA-4A53B2392F7B}.Release|Any CPU.Build.0 = Release|Any CPU
		{E72B7316-47D8-4B0A-A576-D5CDD1793416}.Debug|Any CPU.ActiveCfg = Debug|Any CPU
		{E72B7316-47D8-4B0A-A576-D5CDD1793416}.Debug|Any CPU.Build.0 = Debug|Any CPU
		{E72B7316-47D8-4B0A-A576-D5CDD1793416}.Release|Any CPU.ActiveCfg = Release|Any CPU
		{E72B7316-47D8-4B0A-A576-D5CDD1793416}.Release|Any CPU.Build.0 = Release|Any CPU
	EndGlobalSection
	GlobalSection(SolutionProperties) = preSolution
		HideSolutionNode = FALSE
	EndGlobalSection
	GlobalSection(NestedProjects) = preSolution
		{1503A36D-607E-4180-86C0-24AC846309FB} = {B3021161-64F3-4980-AE56-4F32C3B60924}
		{31C7A3D0-6D63-4E55-8407-ECE00DE547CB} = {B3021161-64F3-4980-AE56-4F32C3B60924}
		{7CF69584-62BC-4AE7-9CD6-A9A603AA4AD7} = {D67B21E7-69B4-4BBA-AA3E-BDCA47B21B57}
		{B82B6253-D7F7-4F25-BE9A-CC12084832F7} = {D67B21E7-69B4-4BBA-AA3E-BDCA47B21B57}
		{B361253B-C69D-4AFF-ACDA-4A53B2392F7B} = {543A29F7-FD98-444C-8DBB-2DBC6A2F56C4}
		{E72B7316-47D8-4B0A-A576-D5CDD1793416} = {543A29F7-FD98-444C-8DBB-2DBC6A2F56C4}
	EndGlobalSection
	GlobalSection(ExtensibilityGlobals) = postSolution
		SolutionGuid = {49FF1DB1-465A-42C6-BE87-AD52322F15D3}
	EndGlobalSection
EndGlobal
